{
  "version": 1,
  "dependencies": {
    "native,Version=v0.0": {
      "Microsoft.JavaScript.Hermes": {
        "type": "Direct",
        "requested": "[0.1.23, )",
        "resolved": "0.1.23",
        "contentHash": "cA9t1GjY4Yo0JD1AfA//e1lOwk48hLANfuX6GXrikmEBNZVr2TIX5ONJt5tqCnpZyLz6xGiPDgTfFNKbSfb21g=="
      },
      "Microsoft.UI.Xaml": {
        "type": "Direct",
        "requested": "[2.8.0, )",
        "resolved": "2.8.0",
        "contentHash": "vxdHxTr63s5KVtNddMFpgvjBjUH50z7seq/5jLWmmSuf8poxg+sXrywkofUdE8ZstbpO9y3FL/IXXUcPYbeesA==",
        "dependencies": {
          "Microsoft.Web.WebView2": "1.0.1264.42"
        }
      },
      "Microsoft.Windows.CppWinRT": {
        "type": "Direct",
        "requested": "[2.0.230706.1, )",
        "resolved": "2.0.230706.1",
        "contentHash": "l0D7oCw/5X+xIKHqZTi62TtV+1qeSz7KVluNFdrJ9hXsst4ghvqQ/Yhura7JqRdZWBXAuDS0G0KwALptdoxweQ=="
      },
      "boost": {
        "type": "Transitive",
        "resolved": "1.83.0",
        "contentHash": "cy53VNMzysEMvhBixDe8ujPk67Fcj3v6FPHQnH91NYJNLHpc6jxa2xq9ruCaaJjE4M3YrGSHDi4uUSTGBWw6EQ=="
      },
      "Microsoft.Net.Native.Compiler": {
        "type": "Transitive",
        "resolved": "2.0.3",
        "contentHash": "EekTfKp3VRWglAN6MLVInKCt7Mf6tDhhilCkpYwpDTE7fey9dM+eJc8xr6TeKRHq+0hWJ6B4fFuChF2a75uCPQ==",
        "dependencies": {
          "Microsoft.Net.Native.SharedLibrary-arm": "2.0.0",
          "Microsoft.Net.Native.SharedLibrary-x64": "2.0.0",
          "Microsoft.Net.Native.SharedLibrary-x86": "2.0.0"
        }
      },
      "Microsoft.Net.Native.SharedLibrary-arm": {
        "type": "Transitive",
        "resolved": "2.0.0",
        "contentHash": "9ghAlkZXl3GtgXlSEBQuP4ktYQnUDoSeQ/932iIHEA83vEIbBh+DPg6AHeMWaqZemeBrZ58P2oysVr7VOtrHOQ=="
      },
      "Microsoft.Net.Native.SharedLibrary-x64": {
        "type": "Transitive",
        "resolved": "2.0.0",
        "contentHash": "Qlk13ElLq3RHO54j/4P2l0pr40Hfm3tkrYCoYZpdNWsGSt7EU8L+XZFuiDkmNw5RO7sRkq3dvZfVCg9mppBcAA=="
      },
      "Microsoft.Net.Native.SharedLibrary-x86": {
        "type": "Transitive",
        "resolved": "2.0.0",
        "contentHash": "LExSkW6XHXyi4iIVhcGVN5sHmxXm8COAFGRhBAjhMdd75UD0Jbe9xtRpnTSfUdGmkQiLcydEW5uAw68Ye30RlQ=="
      },
      "Microsoft.Net.UWPCoreRuntimeSdk": {
        "type": "Transitive",
        "resolved": "2.1.2",
        "contentHash": "Lgwh58rl1g15JBcRYlEZjqNrfyOxf/RCZoxiC4x9A3ssXNOUdLrQiaWEyJYfxNQppKL/qE3M2CDg67W38Fz2Yw==",
        "dependencies": {
          "runtime.win10-arm.Microsoft.Net.UWPCoreRuntimeSdk": "2.1.2",
          "runtime.win10-x64.Microsoft.Net.UWPCoreRuntimeSdk": "2.1.2",
          "runtime.win10-x86.Microsoft.Net.UWPCoreRuntimeSdk": "2.1.2"
        }
      },
      "Microsoft.NETCore.Platforms": {
        "type": "Transitive",
        "resolved": "2.0.0",
        "contentHash": "VdLJOCXhZaEMY7Hm2GKiULmn7IEPFE4XC5LPSfBVCUIA8YLZVh846gtfBJalsPQF2PlzdD7ecX7DZEulJ402ZQ=="
      },
      "Microsoft.NETCore.UniversalWindowsPlatform": {
        "type": "Transitive",
        "resolved": "6.0.8",
        "contentHash": "zGyKY3y4bLAFJPIaUUl+JBysmo++bRHT7zB93dmUJNs8U1Gy1D95grF1fPydr5ipPveE3PblYpQio98LQZR9lg==",
        "dependencies": {
          "Microsoft.NETCore.Platforms": "2.0.0",
          "Microsoft.Net.Native.Compiler": "2.0.3",
          "Microsoft.Net.UWPCoreRuntimeSdk": "2.1.2",
          "NETStandard.Library": "2.0.1"
        }
      },
      "Microsoft.Web.WebView2": {
        "type": "Transitive",
        "resolved": "1.0.1264.42",
        "contentHash": "7OBUTkzQ5VI/3gb0ufi5U4zjuCowAJwQg2li0zXXzqkM+S1kmOlivTy1R4jAW+gY5Vyg510M+qMAESCQUjrfgA=="
      },
      "NETStandard.Library": {
        "type": "Transitive",
        "resolved": "2.0.1",
        "contentHash": "oA6nwv9MhEKYvLpjZ0ggSpb1g4CQViDVQjLUcDWg598jtvJbpfeP2reqwI1GLW2TbxC/Ml7xL6BBR1HmKPXlTg==",
        "dependencies": {
          "Microsoft.NETCore.Platforms": "1.1.0"
        }
      },
      "runtime.win10-arm.Microsoft.Net.UWPCoreRuntimeSdk": {
        "type": "Transitive",
        "resolved": "2.1.2",
        "contentHash": "J4XdbbcvE2iUCsup3rwOsZYaohWLIuP1IW/etf0bwQ9vWCqccuHO3yAWiaWZmWn7nn53PEJ9lZTfNNAiIm/bBw=="
      },
      "runtime.win10-x64.Microsoft.Net.UWPCoreRuntimeSdk": {
        "type": "Transitive",
        "resolved": "2.1.2",
        "contentHash": "Mj9j4vg9yIdvppce0eC8+EIhLmv3Uv3CNKi2v84Fl5zeSs26w9l2svE2LTixB5OTE/pj2p7cW2lUMHeWWm1tgg=="
      },
      "runtime.win10-x86.Microsoft.Net.UWPCoreRuntimeSdk": {
        "type": "Transitive",
        "resolved": "2.1.2",
        "contentHash": "MeYqB6D7vA9eRb2fDjN9LWTLAY+m5Ocg4SBoEtG1oLPXgfuJcUNUb+etdsid/V3j7jgr4ito60Wr8U03mmJGuA=="
      },
      "bvlineargradient": {
        "type": "Project",
        "dependencies": {
          "Microsoft.ReactNative": "[1.0.0, )",
          "Microsoft.UI.Xaml": "[2.8.0, )"
        }
      },
      "common": {
        "type": "Project",
        "dependencies": {
          "boost": "[1.83.0, )"
        }
      },
      "fmt": {
        "type": "Project"
      },
      "folly": {
        "type": "Project",
        "dependencies": {
          "boost": "[1.83.0, )",
          "fmt": "[1.0.0, )"
        }
      },
      "microsoft.reactnative": {
        "type": "Project",
        "dependencies": {
          "Common": "[1.0.0, )",
          "Folly": "[1.0.0, )",
          "Microsoft.JavaScript.Hermes": "[0.1.23, )",
          "Microsoft.UI.Xaml": "[2.8.0, )",
          "ReactCommon": "[1.0.0, )",
          "boost": "[1.83.0, )"
        }
      },
      "reactcommon": {
        "type": "Project",
        "dependencies": {
          "Folly": "[1.0.0, )",
          "boost": "[1.83.0, )"
        }
      },
      "reactnativeasyncstorage": {
        "type": "Project",
        "dependencies": {
          "Microsoft.ReactNative": "[1.0.0, )",
          "Microsoft.UI.Xaml": "[2.8.0, )"
        }
      },
      "rnsoundmodule": {
        "type": "Project",
        "dependencies": {
          "Microsoft.NETCore.UniversalWindowsPlatform": "[6.0.8, )"
        }
      },
      "sliderwindows": {
        "type": "Project",
        "dependencies": {
          "Microsoft.ReactNative": "[1.0.0, )",
          "Microsoft.UI.Xaml": "[2.8.0, )"
        }
      }
    },
    "native,Version=v0.0/win10-arm": {
      "Microsoft.NETCore.UniversalWindowsPlatform": {
        "type": "Transitive",
        "resolved": "6.0.8",
        "contentHash": "zGyKY3y4bLAFJPIaUUl+JBysmo++bRHT7zB93dmUJNs8U1Gy1D95grF1fPydr5ipPveE3PblYpQio98LQZR9lg==",
        "dependencies": {
          "Microsoft.NETCore.Platforms": "2.0.0",
          "Microsoft.Net.Native.Compiler": "2.0.3",
          "Microsoft.Net.UWPCoreRuntimeSdk": "2.1.2",
          "NETStandard.Library": "2.0.1",
          "runtime.win10-arm.Microsoft.NETCore.UniversalWindowsPlatform": "6.0.8"
        }
      },
      "Microsoft.Web.WebView2": {
        "type": "Transitive",
        "resolved": "1.0.1264.42",
        "contentHash": "7OBUTkzQ5VI/3gb0ufi5U4zjuCowAJwQg2li0zXXzqkM+S1kmOlivTy1R4jAW+gY5Vyg510M+qMAESCQUjrfgA=="
      },
      "runtime.win10-arm.Microsoft.NETCore.UniversalWindowsPlatform": {
        "type": "Transitive",
        "resolved": "6.0.8",
        "contentHash": "tbmLG9GnSm0LWKkzvzq6Ppw85Lt4EE+aRDSGoYrbbiPTkzK9fzcPOv5YqzL86WKzxWi9E9pZvVytM1uvd3bYXg=="
      }
    },
    "native,Version=v0.0/win10-arm-aot": {
      "Microsoft.NETCore.UniversalWindowsPlatform": {
        "type": "Transitive",
        "resolved": "6.0.8",
        "contentHash": "zGyKY3y4bLAFJPIaUUl+JBysmo++bRHT7zB93dmUJNs8U1Gy1D95grF1fPydr5ipPveE3PblYpQio98LQZR9lg==",
        "dependencies": {
          "Microsoft.NETCore.Platforms": "2.0.0",
          "Microsoft.Net.Native.Compiler": "2.0.3",
          "Microsoft.Net.UWPCoreRuntimeSdk": "2.1.2",
          "NETStandard.Library": "2.0.1",
          "runtime.win10-arm-aot.Microsoft.NETCore.UniversalWindowsPlatform": "6.0.8"
        }
      },
      "Microsoft.Web.WebView2": {
        "type": "Transitive",
        "resolved": "1.0.1264.42",
        "contentHash": "7OBUTkzQ5VI/3gb0ufi5U4zjuCowAJwQg2li0zXXzqkM+S1kmOlivTy1R4jAW+gY5Vyg510M+qMAESCQUjrfgA=="
      },
      "runtime.win10-arm-aot.Microsoft.NETCore.UniversalWindowsPlatform": {
        "type": "Transitive",
        "resolved": "6.0.8",
        "contentHash": "mCcoolv8UTrTcmRktwjlPk4N+kjcoJDFEI6cH/kT72zv31Mf5HH7/H99q6lNwSF1dXZAeZbzBXJcDOKFMJoKTw=="
      }
    },
    "native,Version=v0.0/win10-arm64-aot": {
      "Microsoft.Web.WebView2": {
        "type": "Transitive",
        "resolved": "1.0.1264.42",
        "contentHash": "7OBUTkzQ5VI/3gb0ufi5U4zjuCowAJwQg2li0zXXzqkM+S1kmOlivTy1R4jAW+gY5Vyg510M+qMAESCQUjrfgA=="
      }
    },
    "native,Version=v0.0/win10-x64": {
      "Microsoft.NETCore.UniversalWindowsPlatform": {
        "type": "Transitive",
        "resolved": "6.0.8",
        "contentHash": "zGyKY3y4bLAFJPIaUUl+JBysmo++bRHT7zB93dmUJNs8U1Gy1D95grF1fPydr5ipPveE3PblYpQio98LQZR9lg==",
        "dependencies": {
          "Microsoft.NETCore.Platforms": "2.0.0",
          "Microsoft.Net.Native.Compiler": "2.0.3",
          "Microsoft.Net.UWPCoreRuntimeSdk": "2.1.2",
          "NETStandard.Library": "2.0.1",
          "runtime.win10-x64.Microsoft.NETCore.UniversalWindowsPlatform": "6.0.8"
        }
      },
      "Microsoft.Web.WebView2": {
        "type": "Transitive",
        "resolved": "1.0.1264.42",
        "contentHash": "7OBUTkzQ5VI/3gb0ufi5U4zjuCowAJwQg2li0zXXzqkM+S1kmOlivTy1R4jAW+gY5Vyg510M+qMAESCQUjrfgA=="
      },
      "runtime.win10-x64.Microsoft.NETCore.UniversalWindowsPlatform": {
        "type": "Transitive",
        "resolved": "6.0.8",
        "contentHash": "gDKOajerneiwUinQpoVy0dEzX4QRB/oWO37vmfwTac4bSkAsrfdhA5gEeMR4y2JN0OHABLP8zjm1bOiHp4XnFQ=="
      }
    },
    "native,Version=v0.0/win10-x64-aot": {
      "Microsoft.NETCore.UniversalWindowsPlatform": {
        "type": "Transitive",
        "resolved": "6.0.8",
        "contentHash": "zGyKY3y4bLAFJPIaUUl+JBysmo++bRHT7zB93dmUJNs8U1Gy1D95grF1fPydr5ipPveE3PblYpQio98LQZR9lg==",
        "dependencies": {
          "Microsoft.NETCore.Platforms": "2.0.0",
          "Microsoft.Net.Native.Compiler": "2.0.3",
          "Microsoft.Net.UWPCoreRuntimeSdk": "2.1.2",
          "NETStandard.Library": "2.0.1",
          "runtime.win10-x64-aot.Microsoft.NETCore.UniversalWindowsPlatform": "6.0.8"
        }
      },
      "Microsoft.Web.WebView2": {
        "type": "Transitive",
        "resolved": "1.0.1264.42",
        "contentHash": "7OBUTkzQ5VI/3gb0ufi5U4zjuCowAJwQg2li0zXXzqkM+S1kmOlivTy1R4jAW+gY5Vyg510M+qMAESCQUjrfgA=="
      },
      "runtime.win10-x64-aot.Microsoft.NETCore.UniversalWindowsPlatform": {
        "type": "Transitive",
        "resolved": "6.0.8",
        "contentHash": "QhGAy+4NIyxehEg0t0Ps+TvLDj9EHZxwqK+St3q4ggMhGCKXsv7B1g1i9OjC3GGLWW1ShEaSGJMTXf05cDO8Cg=="
      }
    },
    "native,Version=v0.0/win10-x86": {
      "Microsoft.NETCore.UniversalWindowsPlatform": {
        "type": "Transitive",
        "resolved": "6.0.8",
        "contentHash": "zGyKY3y4bLAFJPIaUUl+JBysmo++bRHT7zB93dmUJNs8U1Gy1D95grF1fPydr5ipPveE3PblYpQio98LQZR9lg==",
        "dependencies": {
          "Microsoft.NETCore.Platforms": "2.0.0",
          "Microsoft.Net.Native.Compiler": "2.0.3",
          "Microsoft.Net.UWPCoreRuntimeSdk": "2.1.2",
          "NETStandard.Library": "2.0.1",
          "runtime.win10-x86.Microsoft.NETCore.UniversalWindowsPlatform": "6.0.8"
        }
      },
      "Microsoft.Web.WebView2": {
        "type": "Transitive",
        "resolved": "1.0.1264.42",
        "contentHash": "7OBUTkzQ5VI/3gb0ufi5U4zjuCowAJwQg2li0zXXzqkM+S1kmOlivTy1R4jAW+gY5Vyg510M+qMAESCQUjrfgA=="
      },
      "runtime.win10-x86.Microsoft.NETCore.UniversalWindowsPlatform": {
        "type": "Transitive",
        "resolved": "6.0.8",
        "contentHash": "CHjI9Nsqvw/8nOqiCJOnXr8HT/Fpo44Ir2sUqANdH9jnxGs4u7RTcZSG1dIRyJrOvd0nHLklAVfbwu8SIkXPWg=="
      }
    },
    "native,Version=v0.0/win10-x86-aot": {
      "Microsoft.NETCore.UniversalWindowsPlatform": {
        "type": "Transitive",
        "resolved": "6.0.8",
        "contentHash": "zGyKY3y4bLAFJPIaUUl+JBysmo++bRHT7zB93dmUJNs8U1Gy1D95grF1fPydr5ipPveE3PblYpQio98LQZR9lg==",
        "dependencies": {
          "Microsoft.NETCore.Platforms": "2.0.0",
          "Microsoft.Net.Native.Compiler": "2.0.3",
          "Microsoft.Net.UWPCoreRuntimeSdk": "2.1.2",
          "NETStandard.Library": "2.0.1",
          "runtime.win10-x86-aot.Microsoft.NETCore.UniversalWindowsPlatform": "6.0.8"
        }
      },
      "Microsoft.Web.WebView2": {
        "type": "Transitive",
        "resolved": "1.0.1264.42",
        "contentHash": "7OBUTkzQ5VI/3gb0ufi5U4zjuCowAJwQg2li0zXXzqkM+S1kmOlivTy1R4jAW+gY5Vyg510M+qMAESCQUjrfgA=="
      },
      "runtime.win10-x86-aot.Microsoft.NETCore.UniversalWindowsPlatform": {
        "type": "Transitive",
        "resolved": "6.0.8",
        "contentHash": "qlJZm6eLTkgsb4TjIlkeCU2DkEAtJw1l0X/YzsMwTmx5yz63gSc1UBp45IrPu699kG0AY3TuUJ6fXeWk9x9iIg=="
      }
    }
  }
}